
Microsoft Visual Studio Solution File, Format Version 12.00
# Visual Studio Version 17
VisualStudioVersion = 17.0.31903.59
MinimumVisualStudioVersion = 10.0.40219.1
Project("{9A19103F-16F7-4668-BE54-9A1E7A4F7556}") = "ReadData", "ReadData\ReadData.csproj", "{562517A7-5F89-4F72-A445-0ACD07C95C8E}"
EndProject
Global
	GlobalSection(SolutionConfigurationPlatforms) = preSolution
		Debug|Any CPU = Debug|Any CPU
		Release|Any CPU = Release|Any CPU
	EndGlobalSection
	GlobalSection(ProjectConfigurationPlatforms) = postSolution
		{562517A7-5F89-4F72-A445-0ACD07C95C8E}.Debug|Any CPU.ActiveCfg = Debug|Any CPU
		{562517A7-5F89-4F72-A445-0ACD07C95C8E}.Debug|Any CPU.Build.0 = Debug|Any CPU
		{562517A7-5F89-4F72-A445-0ACD07C95C8E}.Release|Any CPU.ActiveCfg = Release|Any CPU
		{562517A7-5F89-4F72-A445-0ACD07C95C8E}.Release|Any CPU.Build.0 = Release|Any CPU
	EndGlobalSection
	GlobalSection(SolutionProperties) = preSolution
		HideSolutionNode = FALSE
	EndGlobalSection
	GlobalSection(ExtensibilityGlobals) = postSolution
		SolutionGuid = {6DCEE7FF-5B03-4855-A3AD-E5A1E0041826}
	EndGlobalSection
EndGlobal
